
Microsoft Visual Studio Solution File, Format Version 12.00
# Visual Studio Version 16
VisualStudioVersion = 16.0.31624.102
MinimumVisualStudioVersion = 10.0.40219.1
Project("{FAE04EC0-301F-11D3-BF4B-00C04F79EFBC}") = "TodoListApplication", "TodoListApplication\TodoListApplication.csproj", "{5D6B264E-09EF-4D00-97F2-9BB933EAC8B2}"
EndProject
Project("{FAE04EC0-301F-11D3-BF4B-00C04F79EFBC}") = "TodoListApplicationXUnitTests", "TodoListApplicationXUnitTests\TodoListApplicationXUnitTests.csproj", "{CA2732B0-282E-4E77-8BA1-B6E6F650EEB8}"
EndProject
Global
	GlobalSection(SolutionConfigurationPlatforms) = preSolution
		Debug|Any CPU = Debug|Any CPU
		Release|Any CPU = Release|Any CPU
	EndGlobalSection
	GlobalSection(ProjectConfigurationPlatforms) = postSolution
		{5D6B264E-09EF-4D00-97F2-9BB933EAC8B2}.Debug|Any CPU.ActiveCfg = Debug|Any CPU
		{5D6B264E-09EF-4D00-97F2-9BB933EAC8B2}.Debug|Any CPU.Build.0 = Debug|Any CPU
		{5D6B264E-09EF-4D00-97F2-9BB933EAC8B2}.Release|Any CPU.ActiveCfg = Release|Any CPU
		{5D6B264E-09EF-4D00-97F2-9BB933EAC8B2}.Release|Any CPU.Build.0 = Release|Any CPU
		{CA2732B0-282E-4E77-8BA1-B6E6F650EEB8}.Debug|Any CPU.ActiveCfg = Debug|Any CPU
		{CA2732B0-282E-4E77-8BA1-B6E6F650EEB8}.Debug|Any CPU.Build.0 = Debug|Any CPU
		{CA2732B0-282E-4E77-8BA1-B6E6F650EEB8}.Release|Any CPU.ActiveCfg = Release|Any CPU
		{CA2732B0-282E-4E77-8BA1-B6E6F650EEB8}.Release|Any CPU.Build.0 = Release|Any CPU
	EndGlobalSection
	GlobalSection(SolutionProperties) = preSolution
		HideSolutionNode = FALSE
	EndGlobalSection
	GlobalSection(ExtensibilityGlobals) = postSolution
		SolutionGuid = {0A0CC986-F5E5-4112-A61E-B341FD55BE6E}
	EndGlobalSection
EndGlobal
